{
  "name": "frontend",
  "lockfileVersion": 3,
  "requires": true,
  "packages": {
    "": {
      "dependencies": {
        "swiper": "^11.1.5",
        "universal-router": "^9.2.0"
      },
      "devDependencies": {
        "@types/swiper": "^6.0.0"
      }
    },
    "node_modules/@types/swiper": {
      "version": "6.0.0",
      "resolved": "https://registry.npmjs.org/@types/swiper/-/swiper-6.0.0.tgz",
      "integrity": "sha512-QPZRgxZ+ivXXtzV43B3LxpXUIC7FE/EoKM+rtxngmgt2M7eeUYypZhyqZD8UxJtlBcUDw/ATGoVeSNpvBBrz2w==",
      "deprecated": "This is a stub types definition. swiper provides its own type definitions, so you do not need this installed.",
      "dev": true,
      "dependencies": {
        "swiper": "*"
      }
    },
    "node_modules/path-to-regexp": {
      "version": "6.2.2",
      "resolved": "https://registry.npmjs.org/path-to-regexp/-/path-to-regexp-6.2.2.tgz",
      "integrity": "sha512-GQX3SSMokngb36+whdpRXE+3f9V8UzyAorlYvOGx87ufGHehNTn5lCxrKtLyZ4Yl/wEKnNnr98ZzOwwDZV5ogw=="
    },
    "node_modules/swiper": {
      "version": "11.1.5",
      "resolved": "https://registry.npmjs.org/swiper/-/swiper-11.1.5.tgz",
      "integrity": "sha512-JJQWFXdxiMGC2j6ZGTYat5Z7NN9JORJBgHp0/joX9uPod+cRj0wr5H5VnWSNIz9JeAamQvYKaG7aFrGHIF9OEg==",
      "funding": [
        {
          "type": "patreon",
          "url": "https://www.patreon.com/swiperjs"
        },
        {
          "type": "open_collective",
          "url": "http://opencollective.com/swiper"
        }
      ],
      "engines": {
        "node": ">= 4.7.0"
      }
    },
    "node_modules/universal-router": {
      "version": "9.2.0",
      "resolved": "https://registry.npmjs.org/universal-router/-/universal-router-9.2.0.tgz",
      "integrity": "sha512-V5PyhtX7JaUDF+EM8YvP4NlfPcqYfswMJV3J0LVPqBC70sabj6UAu3rPI7kSMNwRDZ+F6Wf0zcEmECcglHx2xg==",
      "dependencies": {
        "path-to-regexp": "^6.2.0"
      }
    }
  }
}
